
Microsoft Visual Studio Solution File, Format Version 12.00
# Visual Studio Version 16
VisualStudioVersion = 16.0.30804.86
MinimumVisualStudioVersion = 10.0.40219.1
Project("{9A19103F-16F7-4668-BE54-9A1E7A4F7556}") = "HackerNewsApi", "HackerNewsApi.csproj", "{660C1213-ED3C-48FD-B4A1-20ECD66D4D75}"
EndProject
Project("{FAE04EC0-301F-11D3-BF4B-00C04F79EFBC}") = "XUnitTestHackerNewsAPI", "..\XUnitTestHackerNewsAPI\XUnitTestHackerNewsAPI.csproj", "{4A5C8FF3-090F-4270-B7AE-14F583F3010D}"
EndProject
Global
	GlobalSection(SolutionConfigurationPlatforms) = preSolution
		Debug|Any CPU = Debug|Any CPU
		Release|Any CPU = Release|Any CPU
	EndGlobalSection
	GlobalSection(ProjectConfigurationPlatforms) = postSolution
		{660C1213-ED3C-48FD-B4A1-20ECD66D4D75}.Debug|Any CPU.ActiveCfg = Debug|Any CPU
		{660C1213-ED3C-48FD-B4A1-20ECD66D4D75}.Debug|Any CPU.Build.0 = Debug|Any CPU
		{660C1213-ED3C-48FD-B4A1-20ECD66D4D75}.Release|Any CPU.ActiveCfg = Release|Any CPU
		{660C1213-ED3C-48FD-B4A1-20ECD66D4D75}.Release|Any CPU.Build.0 = Release|Any CPU
		{4A5C8FF3-090F-4270-B7AE-14F583F3010D}.Debug|Any CPU.ActiveCfg = Debug|Any CPU
		{4A5C8FF3-090F-4270-B7AE-14F583F3010D}.Debug|Any CPU.Build.0 = Debug|Any CPU
		{4A5C8FF3-090F-4270-B7AE-14F583F3010D}.Release|Any CPU.ActiveCfg = Release|Any CPU
		{4A5C8FF3-090F-4270-B7AE-14F583F3010D}.Release|Any CPU.Build.0 = Release|Any CPU
	EndGlobalSection
	GlobalSection(SolutionProperties) = preSolution
		HideSolutionNode = FALSE
	EndGlobalSection
	GlobalSection(ExtensibilityGlobals) = postSolution
		SolutionGuid = {F9675FD4-9A0F-41F0-B08A-5005003AF83E}
	EndGlobalSection
EndGlobal
